
Microsoft Visual Studio Solution File, Format Version 12.00
# Visual Studio Version 17
VisualStudioVersion = 17.5.33502.453
MinimumVisualStudioVersion = 10.0.40219.1
Project("{FAE04EC0-301F-11D3-BF4B-00C04F79EFBC}") = "igraaaa", "igraaaa\igraaaa.csproj", "{2C15798C-2169-4DD4-B0A9-3785F6C1223B}"
EndProject
Global
	GlobalSection(SolutionConfigurationPlatforms) = preSolution
		Debug|Any CPU = Debug|Any CPU
		Release|Any CPU = Release|Any CPU
	EndGlobalSection
	GlobalSection(ProjectConfigurationPlatforms) = postSolution
		{2C15798C-2169-4DD4-B0A9-3785F6C1223B}.Debug|Any CPU.ActiveCfg = Debug|Any CPU
		{2C15798C-2169-4DD4-B0A9-3785F6C1223B}.Debug|Any CPU.Build.0 = Debug|Any CPU
		{2C15798C-2169-4DD4-B0A9-3785F6C1223B}.Release|Any CPU.ActiveCfg = Release|Any CPU
		{2C15798C-2169-4DD4-B0A9-3785F6C1223B}.Release|Any CPU.Build.0 = Release|Any CPU
	EndGlobalSection
	GlobalSection(SolutionProperties) = preSolution
		HideSolutionNode = FALSE
	EndGlobalSection
	GlobalSection(ExtensibilityGlobals) = postSolution
		SolutionGuid = {10EF2648-0558-45E5-904E-B12686AD7B07}
	EndGlobalSection
EndGlobal
